// !$*UTF8*$!
{
	archiveVersion = 1;
	classes = {
	};
	objectVersion = 50;
	objects = {

/* Begin PBXBuildFile section */
		5B66FDE926BEC5CF0009F4D2 /* FeedbackLoopable.swift in Sources */ = {isa = PBXBuildFile; fileRef = 5B66FDE126BEC5CF0009F4D2 /* FeedbackLoopable.swift */; };
		5B66FDEA26BEC5CF0009F4D2 /* FeedbackLoopSystem.swift in Sources */ = {isa = PBXBuildFile; fileRef = 5B66FDE226BEC5CF0009F4D2 /* FeedbackLoopSystem.swift */; };
		5B66FDEB26BEC5CF0009F4D2 /* ListVC+State.swift in Sources */ = {isa = PBXBuildFile; fileRef = 5B66FDE526BEC5CF0009F4D2 /* ListVC+State.swift */; };
		5B66FDEC26BEC5CF0009F4D2 /* ListVC+BindUI.swift in Sources */ = {isa = PBXBuildFile; fileRef = 5B66FDE626BEC5CF0009F4D2 /* ListVC+BindUI.swift */; };
		5B66FDED26BEC5CF0009F4D2 /* ListVC+Feedbacks.swift in Sources */ = {isa = PBXBuildFile; fileRef = 5B66FDE726BEC5CF0009F4D2 /* ListVC+Feedbacks.swift */; };
		5B66FDEE26BEC5CF0009F4D2 /* ListVC.swift in Sources */ = {isa = PBXBuildFile; fileRef = 5B66FDE826BEC5CF0009F4D2 /* ListVC.swift */; };
		5B66FDF326BECD0B0009F4D2 /* ListInteractor.swift in Sources */ = {isa = PBXBuildFile; fileRef = 5B66FDF226BECD0B0009F4D2 /* ListInteractor.swift */; };
		5B66FDF526BED1390009F4D2 /* ListInteractorImpl.swift in Sources */ = {isa = PBXBuildFile; fileRef = 5B66FDF426BED1390009F4D2 /* ListInteractorImpl.swift */; };
		5B6D760026C051B8005F5816 /* ListView.swift in Sources */ = {isa = PBXBuildFile; fileRef = 5B6D75FF26C051B8005F5816 /* ListView.swift */; };
		5B77705426CAE53600908EC1 /* feedItems.json in Resources */ = {isa = PBXBuildFile; fileRef = 5B77705326CAE53600908EC1 /* feedItems.json */; };
		5B77705626CAE9DF00908EC1 /* FeedItem.swift in Sources */ = {isa = PBXBuildFile; fileRef = 5B77705526CAE9DF00908EC1 /* FeedItem.swift */; };
		5B77705826CAEA6B00908EC1 /* FeedItemsRepo.swift in Sources */ = {isa = PBXBuildFile; fileRef = 5B77705726CAEA6B00908EC1 /* FeedItemsRepo.swift */; };
		5BE8C99226B6B99D0090DF9D /* AppDelegate.swift in Sources */ = {isa = PBXBuildFile; fileRef = 5BE8C99126B6B99D0090DF9D /* AppDelegate.swift */; };
		5BE8C99426B6B99D0090DF9D /* SceneDelegate.swift in Sources */ = {isa = PBXBuildFile; fileRef = 5BE8C99326B6B99D0090DF9D /* SceneDelegate.swift */; };
		5BE8C99B26B6B99F0090DF9D /* Assets.xcassets in Resources */ = {isa = PBXBuildFile; fileRef = 5BE8C99A26B6B99F0090DF9D /* Assets.xcassets */; };
		5BE8C99E26B6B99F0090DF9D /* LaunchScreen.storyboard in Resources */ = {isa = PBXBuildFile; fileRef = 5BE8C99C26B6B99F0090DF9D /* LaunchScreen.storyboard */; };
/* End PBXBuildFile section */

/* Begin PBXFileReference section */
		5B66FDE126BEC5CF0009F4D2 /* FeedbackLoopable.swift */ = {isa = PBXFileReference; fileEncoding = 4; lastKnownFileType = sourcecode.swift; path = FeedbackLoopable.swift; sourceTree = "<group>"; };
		5B66FDE226BEC5CF0009F4D2 /* FeedbackLoopSystem.swift */ = {isa = PBXFileReference; fileEncoding = 4; lastKnownFileType = sourcecode.swift; path = FeedbackLoopSystem.swift; sourceTree = "<group>"; };
		5B66FDE526BEC5CF0009F4D2 /* ListVC+State.swift */ = {isa = PBXFileReference; fileEncoding = 4; lastKnownFileType = sourcecode.swift; path = "ListVC+State.swift"; sourceTree = "<group>"; };
		5B66FDE626BEC5CF0009F4D2 /* ListVC+BindUI.swift */ = {isa = PBXFileReference; fileEncoding = 4; lastKnownFileType = sourcecode.swift; path = "ListVC+BindUI.swift"; sourceTree = "<group>"; };
		5B66FDE726BEC5CF0009F4D2 /* ListVC+Feedbacks.swift */ = {isa = PBXFileReference; fileEncoding = 4; lastKnownFileType = sourcecode.swift; path = "ListVC+Feedbacks.swift"; sourceTree = "<group>"; };
		5B66FDE826BEC5CF0009F4D2 /* ListVC.swift */ = {isa = PBXFileReference; fileEncoding = 4; lastKnownFileType = sourcecode.swift; path = ListVC.swift; sourceTree = "<group>"; };
		5B66FDF226BECD0B0009F4D2 /* ListInteractor.swift */ = {isa = PBXFileReference; fileEncoding = 4; lastKnownFileType = sourcecode.swift; path = ListInteractor.swift; sourceTree = "<group>"; };
		5B66FDF426BED1390009F4D2 /* ListInteractorImpl.swift */ = {isa = PBXFileReference; lastKnownFileType = sourcecode.swift; path = ListInteractorImpl.swift; sourceTree = "<group>"; };
		5B6D75FF26C051B8005F5816 /* ListView.swift */ = {isa = PBXFileReference; fileEncoding = 4; lastKnownFileType = sourcecode.swift; path = ListView.swift; sourceTree = "<group>"; };
		5B77705326CAE53600908EC1 /* feedItems.json */ = {isa = PBXFileReference; fileEncoding = 4; lastKnownFileType = text.json; path = feedItems.json; sourceTree = "<group>"; };
		5B77705526CAE9DF00908EC1 /* FeedItem.swift */ = {isa = PBXFileReference; lastKnownFileType = sourcecode.swift; path = FeedItem.swift; sourceTree = "<group>"; };
		5B77705726CAEA6B00908EC1 /* FeedItemsRepo.swift */ = {isa = PBXFileReference; lastKnownFileType = sourcecode.swift; path = FeedItemsRepo.swift; sourceTree = "<group>"; };
		5BE8C98E26B6B99D0090DF9D /* Feed.app */ = {isa = PBXFileReference; explicitFileType = wrapper.application; includeInIndex = 0; path = Feed.app; sourceTree = BUILT_PRODUCTS_DIR; };
		5BE8C99126B6B99D0090DF9D /* AppDelegate.swift */ = {isa = PBXFileReference; lastKnownFileType = sourcecode.swift; path = AppDelegate.swift; sourceTree = "<group>"; };
		5BE8C99326B6B99D0090DF9D /* SceneDelegate.swift */ = {isa = PBXFileReference; lastKnownFileType = sourcecode.swift; path = SceneDelegate.swift; sourceTree = "<group>"; };
		5BE8C99A26B6B99F0090DF9D /* Assets.xcassets */ = {isa = PBXFileReference; lastKnownFileType = folder.assetcatalog; path = Assets.xcassets; sourceTree = "<group>"; };
		5BE8C99D26B6B99F0090DF9D /* Base */ = {isa = PBXFileReference; lastKnownFileType = file.storyboard; name = Base; path = Base.lproj/LaunchScreen.storyboard; sourceTree = "<group>"; };
		5BE8C99F26B6B99F0090DF9D /* Info.plist */ = {isa = PBXFileReference; lastKnownFileType = text.plist.xml; path = Info.plist; sourceTree = "<group>"; };
/* End PBXFileReference section */

/* Begin PBXFrameworksBuildPhase section */
		5BE8C98B26B6B99D0090DF9D /* Frameworks */ = {
			isa = PBXFrameworksBuildPhase;
			buildActionMask = 2147483647;
			files = (
			);
			runOnlyForDeploymentPostprocessing = 0;
		};
/* End PBXFrameworksBuildPhase section */

/* Begin PBXGroup section */
		5B66FDE026BEC5CF0009F4D2 /* GCDFeedback */ = {
			isa = PBXGroup;
			children = (
				5B66FDE126BEC5CF0009F4D2 /* FeedbackLoopable.swift */,
				5B66FDE226BEC5CF0009F4D2 /* FeedbackLoopSystem.swift */,
			);
			path = GCDFeedback;
			sourceTree = "<group>";
		};
		5B66FDE326BEC5CF0009F4D2 /* List */ = {
			isa = PBXGroup;
			children = (
				5B66FDE426BEC5CF0009F4D2 /* FeedbackLoop */,
				5B66FDE826BEC5CF0009F4D2 /* ListVC.swift */,
				5B6D75FE26C051B8005F5816 /* View */,
				5B66FDF126BECD0B0009F4D2 /* Interactor */,
			);
			path = List;
			sourceTree = "<group>";
		};
		5B66FDE426BEC5CF0009F4D2 /* FeedbackLoop */ = {
			isa = PBXGroup;
			children = (
				5B66FDE526BEC5CF0009F4D2 /* ListVC+State.swift */,
				5B66FDE626BEC5CF0009F4D2 /* ListVC+BindUI.swift */,
				5B66FDE726BEC5CF0009F4D2 /* ListVC+Feedbacks.swift */,
			);
			path = FeedbackLoop;
			sourceTree = "<group>";
		};
		5B66FDF126BECD0B0009F4D2 /* Interactor */ = {
			isa = PBXGroup;
			children = (
				5B66FDF226BECD0B0009F4D2 /* ListInteractor.swift */,
				5B66FDF426BED1390009F4D2 /* ListInteractorImpl.swift */,
			);
			path = Interactor;
			sourceTree = "<group>";
		};
		5B6D75FE26C051B8005F5816 /* View */ = {
			isa = PBXGroup;
			children = (
				5B6D75FF26C051B8005F5816 /* ListView.swift */,
			);
			path = View;
			sourceTree = "<group>";
		};
		5B77705226CAE53600908EC1 /* Data */ = {
			isa = PBXGroup;
			children = (
				5B77705326CAE53600908EC1 /* feedItems.json */,
				5B77705526CAE9DF00908EC1 /* FeedItem.swift */,
				5B77705726CAEA6B00908EC1 /* FeedItemsRepo.swift */,
			);
			path = Data;
			sourceTree = "<group>";
		};
		5BE8C98526B6B99D0090DF9D = {
			isa = PBXGroup;
			children = (
				5BE8C99026B6B99D0090DF9D /* Feed */,
				5BE8C98F26B6B99D0090DF9D /* Products */,
			);
			sourceTree = "<group>";
		};
		5BE8C98F26B6B99D0090DF9D /* Products */ = {
			isa = PBXGroup;
			children = (
				5BE8C98E26B6B99D0090DF9D /* Feed.app */,
			);
			name = Products;
			sourceTree = "<group>";
		};
		5BE8C99026B6B99D0090DF9D /* Feed */ = {
			isa = PBXGroup;
			children = (
				5BE8C99126B6B99D0090DF9D /* AppDelegate.swift */,
				5BE8C99326B6B99D0090DF9D /* SceneDelegate.swift */,
				5B77705226CAE53600908EC1 /* Data */,
				5B66FDE026BEC5CF0009F4D2 /* GCDFeedback */,
				5B66FDE326BEC5CF0009F4D2 /* List */,
				5BE8C99A26B6B99F0090DF9D /* Assets.xcassets */,
				5BE8C99C26B6B99F0090DF9D /* LaunchScreen.storyboard */,
				5BE8C99F26B6B99F0090DF9D /* Info.plist */,
			);
			path = Feed;
			sourceTree = "<group>";
		};
/* End PBXGroup section */

/* Begin PBXNativeTarget section */
		5BE8C98D26B6B99D0090DF9D /* Feed */ = {
			isa = PBXNativeTarget;
			buildConfigurationList = 5BE8C9A226B6B99F0090DF9D /* Build configuration list for PBXNativeTarget "Feed" */;
			buildPhases = (
				5BE8C98A26B6B99D0090DF9D /* Sources */,
				5BE8C98B26B6B99D0090DF9D /* Frameworks */,
				5BE8C98C26B6B99D0090DF9D /* Resources */,
			);
			buildRules = (
			);
			dependencies = (
			);
			name = Feed;
			productName = Feed;
			productReference = 5BE8C98E26B6B99D0090DF9D /* Feed.app */;
			productType = "com.apple.product-type.application";
		};
/* End PBXNativeTarget section */

/* Begin PBXProject section */
		5BE8C98626B6B99D0090DF9D /* Project object */ = {
			isa = PBXProject;
			attributes = {
				LastSwiftUpdateCheck = 1250;
				LastUpgradeCheck = 1250;
				TargetAttributes = {
					5BE8C98D26B6B99D0090DF9D = {
						CreatedOnToolsVersion = 12.5.1;
					};
				};
			};
			buildConfigurationList = 5BE8C98926B6B99D0090DF9D /* Build configuration list for PBXProject "Feed" */;
			compatibilityVersion = "Xcode 9.3";
			developmentRegion = en;
			hasScannedForEncodings = 0;
			knownRegions = (
				en,
				Base,
			);
			mainGroup = 5BE8C98526B6B99D0090DF9D;
			packageReferences = (
			);
			productRefGroup = 5BE8C98F26B6B99D0090DF9D /* Products */;
			projectDirPath = "";
			projectRoot = "";
			targets = (
				5BE8C98D26B6B99D0090DF9D /* Feed */,
			);
		};
/* End PBXProject section */

/* Begin PBXResourcesBuildPhase section */
		5BE8C98C26B6B99D0090DF9D /* Resources */ = {
			isa = PBXResourcesBuildPhase;
			buildActionMask = 2147483647;
			files = (
				5B77705426CAE53600908EC1 /* feedItems.json in Resources */,
				5BE8C99E26B6B99F0090DF9D /* LaunchScreen.storyboard in Resources */,
				5BE8C99B26B6B99F0090DF9D /* Assets.xcassets in Resources */,
			);
			runOnlyForDeploymentPostprocessing = 0;
		};
/* End PBXResourcesBuildPhase section */

/* Begin PBXSourcesBuildPhase section */
		5BE8C98A26B6B99D0090DF9D /* Sources */ = {
			isa = PBXSourcesBuildPhase;
			buildActionMask = 2147483647;
			files = (
				5B66FDF326BECD0B0009F4D2 /* ListInteractor.swift in Sources */,
				5BE8C99226B6B99D0090DF9D /* AppDelegate.swift in Sources */,
				5B66FDEC26BEC5CF0009F4D2 /* ListVC+BindUI.swift in Sources */,
				5B66FDEB26BEC5CF0009F4D2 /* ListVC+State.swift in Sources */,
				5B66FDF526BED1390009F4D2 /* ListInteractorImpl.swift in Sources */,
				5B66FDE926BEC5CF0009F4D2 /* FeedbackLoopable.swift in Sources */,
				5B66FDEE26BEC5CF0009F4D2 /* ListVC.swift in Sources */,
				5BE8C99426B6B99D0090DF9D /* SceneDelegate.swift in Sources */,
				5B77705626CAE9DF00908EC1 /* FeedItem.swift in Sources */,
				5B6D760026C051B8005F5816 /* ListView.swift in Sources */,
				5B66FDEA26BEC5CF0009F4D2 /* FeedbackLoopSystem.swift in Sources */,
				5B66FDED26BEC5CF0009F4D2 /* ListVC+Feedbacks.swift in Sources */,
				5B77705826CAEA6B00908EC1 /* FeedItemsRepo.swift in Sources */,
			);
			runOnlyForDeploymentPostprocessing = 0;
		};
/* End PBXSourcesBuildPhase section */

/* Begin PBXVariantGroup section */
		5BE8C99C26B6B99F0090DF9D /* LaunchScreen.storyboard */ = {
			isa = PBXVariantGroup;
			children = (
				5BE8C99D26B6B99F0090DF9D /* Base */,
			);
			name = LaunchScreen.storyboard;
			sourceTree = "<group>";
		};
/* End PBXVariantGroup section */

/* Begin XCBuildConfiguration section */
		5BE8C9A026B6B99F0090DF9D /* Debug */ = {
			isa = XCBuildConfiguration;
			buildSettings = {
				ALWAYS_SEARCH_USER_PATHS = NO;
				CLANG_ANALYZER_NONNULL = YES;
				CLANG_ANALYZER_NUMBER_OBJECT_CONVERSION = YES_AGGRESSIVE;
				CLANG_CXX_LANGUAGE_STANDARD = "gnu++14";
				CLANG_CXX_LIBRARY = "libc++";
				CLANG_ENABLE_MODULES = YES;
				CLANG_ENABLE_OBJC_ARC = YES;
				CLANG_ENABLE_OBJC_WEAK = YES;
				CLANG_WARN_BLOCK_CAPTURE_AUTORELEASING = YES;
				CLANG_WARN_BOOL_CONVERSION = YES;
				CLANG_WARN_COMMA = YES;
				CLANG_WARN_CONSTANT_CONVERSION = YES;
				CLANG_WARN_DEPRECATED_OBJC_IMPLEMENTATIONS = YES;
				CLANG_WARN_DIRECT_OBJC_ISA_USAGE = YES_ERROR;
				CLANG_WARN_DOCUMENTATION_COMMENTS = YES;
				CLANG_WARN_EMPTY_BODY = YES;
				CLANG_WARN_ENUM_CONVERSION = YES;
				CLANG_WARN_INFINITE_RECURSION = YES;
				CLANG_WARN_INT_CONVERSION = YES;
				CLANG_WARN_NON_LITERAL_NULL_CONVERSION = YES;
				CLANG_WARN_OBJC_IMPLICIT_RETAIN_SELF = YES;
				CLANG_WARN_OBJC_LITERAL_CONVERSION = YES;
				CLANG_WARN_OBJC_ROOT_CLASS = YES_ERROR;
				CLANG_WARN_QUOTED_INCLUDE_IN_FRAMEWORK_HEADER = YES;
				CLANG_WARN_RANGE_LOOP_ANALYSIS = YES;
				CLANG_WARN_STRICT_PROTOTYPES = YES;
				CLANG_WARN_SUSPICIOUS_MOVE = YES;
				CLANG_WARN_UNGUARDED_AVAILABILITY = YES_AGGRESSIVE;
				CLANG_WARN_UNREACHABLE_CODE = YES;
				CLANG_WARN__DUPLICATE_METHOD_MATCH = YES;
				COPY_PHASE_STRIP = NO;
				DEBUG_INFORMATION_FORMAT = dwarf;
				ENABLE_STRICT_OBJC_MSGSEND = YES;
				ENABLE_TESTABILITY = YES;
				GCC_C_LANGUAGE_STANDARD = gnu11;
				GCC_DYNAMIC_NO_PIC = NO;
				GCC_NO_COMMON_BLOCKS = YES;
				GCC_OPTIMIZATION_LEVEL = 0;
				GCC_PREPROCESSOR_DEFINITIONS = (
					"DEBUG=1",
					"$(inherited)",
				);
				GCC_WARN_64_TO_32_BIT_CONVERSION = YES;
				GCC_WARN_ABOUT_RETURN_TYPE = YES_ERROR;
				GCC_WARN_UNDECLARED_SELECTOR = YES;
				GCC_WARN_UNINITIALIZED_AUTOS = YES_AGGRESSIVE;
				GCC_WARN_UNUSED_FUNCTION = YES;
				GCC_WARN_UNUSED_VARIABLE = YES;
				IPHONEOS_DEPLOYMENT_TARGET = 14.5;
				MTL_ENABLE_DEBUG_INFO = INCLUDE_SOURCE;
				MTL_FAST_MATH = YES;
				ONLY_ACTIVE_ARCH = YES;
				SDKROOT = iphoneos;
				SWIFT_ACTIVE_COMPILATION_CONDITIONS = DEBUG;
				SWIFT_OPTIMIZATION_LEVEL = "-Onone";
			};
			name = Debug;
		};
		5BE8C9A126B6B99F0090DF9D /* Release */ = {
			isa = XCBuildConfiguration;
			buildSettings = {
				ALWAYS_SEARCH_USER_PATHS = NO;
				CLANG_ANALYZER_NONNULL = YES;
				CLANG_ANALYZER_NUMBER_OBJECT_CONVERSION = YES_AGGRESSIVE;
				CLANG_CXX_LANGUAGE_STANDARD = "gnu++14";
				CLANG_CXX_LIBRARY = "libc++";
				CLANG_ENABLE_MODULES = YES;
				CLANG_ENABLE_OBJC_ARC = YES;
				CLANG_ENABLE_OBJC_WEAK = YES;
				CLANG_WARN_BLOCK_CAPTURE_AUTORELEASING = YES;
				CLANG_WARN_BOOL_CONVERSION = YES;
				CLANG_WARN_COMMA = YES;
				CLANG_WARN_CONSTANT_CONVERSION = YES;
				CLANG_WARN_DEPRECATED_OBJC_IMPLEMENTATIONS = YES;
				CLANG_WARN_DIRECT_OBJC_ISA_USAGE = YES_ERROR;
				CLANG_WARN_DOCUMENTATION_COMMENTS = YES;
				CLANG_WARN_EMPTY_BODY = YES;
				CLANG_WARN_ENUM_CONVERSION = YES;
				CLANG_WARN_INFINITE_RECURSION = YES;
				CLANG_WARN_INT_CONVERSION = YES;
				CLANG_WARN_NON_LITERAL_NULL_CONVERSION = YES;
				CLANG_WARN_OBJC_IMPLICIT_RETAIN_SELF = YES;
				CLANG_WARN_OBJC_LITERAL_CONVERSION = YES;
				CLANG_WARN_OBJC_ROOT_CLASS = YES_ERROR;
				CLANG_WARN_QUOTED_INCLUDE_IN_FRAMEWORK_HEADER = YES;
				CLANG_WARN_RANGE_LOOP_ANALYSIS = YES;
				CLANG_WARN_STRICT_PROTOTYPES = YES;
				CLANG_WARN_SUSPICIOUS_MOVE = YES;
				CLANG_WARN_UNGUARDED_AVAILABILITY = YES_AGGRESSIVE;
				CLANG_WARN_UNREACHABLE_CODE = YES;
				CLANG_WARN__DUPLICATE_METHOD_MATCH = YES;
				COPY_PHASE_STRIP = NO;
				DEBUG_INFORMATION_FORMAT = "dwarf-with-dsym";
				ENABLE_NS_ASSERTIONS = NO;
				ENABLE_STRICT_OBJC_MSGSEND = YES;
				GCC_C_LANGUAGE_STANDARD = gnu11;
				GCC_NO_COMMON_BLOCKS = YES;
				GCC_WARN_64_TO_32_BIT_CONVERSION = YES;
				GCC_WARN_ABOUT_RETURN_TYPE = YES_ERROR;
				GCC_WARN_UNDECLARED_SELECTOR = YES;
				GCC_WARN_UNINITIALIZED_AUTOS = YES_AGGRESSIVE;
				GCC_WARN_UNUSED_FUNCTION = YES;
				GCC_WARN_UNUSED_VARIABLE = YES;
				IPHONEOS_DEPLOYMENT_TARGET = 14.5;
				MTL_ENABLE_DEBUG_INFO = NO;
				MTL_FAST_MATH = YES;
				SDKROOT = iphoneos;
				SWIFT_COMPILATION_MODE = wholemodule;
				SWIFT_OPTIMIZATION_LEVEL = "-O";
				VALIDATE_PRODUCT = YES;
			};
			name = Release;
		};
		5BE8C9A326B6B99F0090DF9D /* Debug */ = {
			isa = XCBuildConfiguration;
			buildSettings = {
				ASSETCATALOG_COMPILER_APPICON_NAME = AppIcon;
				ASSETCATALOG_COMPILER_GLOBAL_ACCENT_COLOR_NAME = AccentColor;
				CODE_SIGN_STYLE = Automatic;
				INFOPLIST_FILE = Feed/Info.plist;
				LD_RUNPATH_SEARCH_PATHS = (
					"$(inherited)",
					"@executable_path/Frameworks",
				);
				PRODUCT_BUNDLE_IDENTIFIER = ru.valeriibezuglyi.Feed;
				PRODUCT_NAME = "$(TARGET_NAME)";
				SWIFT_VERSION = 5.0;
				TARGETED_DEVICE_FAMILY = "1,2";
			};
			name = Debug;
		};
		5BE8C9A426B6B99F0090DF9D /* Release */ = {
			isa = XCBuildConfiguration;
			buildSettings = {
				ASSETCATALOG_COMPILER_APPICON_NAME = AppIcon;
				ASSETCATALOG_COMPILER_GLOBAL_ACCENT_COLOR_NAME = AccentColor;
				CODE_SIGN_STYLE = Automatic;
				INFOPLIST_FILE = Feed/Info.plist;
				LD_RUNPATH_SEARCH_PATHS = (
					"$(inherited)",
					"@executable_path/Frameworks",
				);
				PRODUCT_BUNDLE_IDENTIFIER = ru.valeriibezuglyi.Feed;
				PRODUCT_NAME = "$(TARGET_NAME)";
				SWIFT_VERSION = 5.0;
				TARGETED_DEVICE_FAMILY = "1,2";
			};
			name = Release;
		};
/* End XCBuildConfiguration section */

/* Begin XCConfigurationList section */
		5BE8C98926B6B99D0090DF9D /* Build configuration list for PBXProject "Feed" */ = {
			isa = XCConfigurationList;
			buildConfigurations = (
				5BE8C9A026B6B99F0090DF9D /* Debug */,
				5BE8C9A126B6B99F0090DF9D /* Release */,
			);
			defaultConfigurationIsVisible = 0;
			defaultConfigurationName = Release;
		};
		5BE8C9A226B6B99F0090DF9D /* Build configuration list for PBXNativeTarget "Feed" */ = {
			isa = XCConfigurationList;
			buildConfigurations = (
				5BE8C9A326B6B99F0090DF9D /* Debug */,
				5BE8C9A426B6B99F0090DF9D /* Release */,
			);
			defaultConfigurationIsVisible = 0;
			defaultConfigurationName = Release;
		};
/* End XCConfigurationList section */
	};
	rootObject = 5BE8C98626B6B99D0090DF9D /* Project object */;
}
